// !$*UTF8*$!
{
	archiveVersion = 1;
	classes = {
	};
	objectVersion = 56;
	objects = {

/* Begin PBXBuildFile section */
		47CD25822A1BE69500B1C05C /* AppDelegate.swift in Sources */ = {isa = PBXBuildFile; fileRef = 47CD25812A1BE69500B1C05C /* AppDelegate.swift */; };
		47CD25842A1BE69500B1C05C /* SceneDelegate.swift in Sources */ = {isa = PBXBuildFile; fileRef = 47CD25832A1BE69500B1C05C /* SceneDelegate.swift */; };
		47CD258B2A1BE69500B1C05C /* Assets.xcassets in Resources */ = {isa = PBXBuildFile; fileRef = 47CD258A2A1BE69500B1C05C /* Assets.xcassets */; };
		47CD25B42A1BE94B00B1C05C /* CountriesList.swift in Sources */ = {isa = PBXBuildFile; fileRef = 47CD25B32A1BE94B00B1C05C /* CountriesList.swift */; };
		47CD25B72A1BEAA100B1C05C /* Country.swift in Sources */ = {isa = PBXBuildFile; fileRef = 47CD25B62A1BEAA100B1C05C /* Country.swift */; };
		47CD25BE2A1BEB0C00B1C05C /* SnapKit in Frameworks */ = {isa = PBXBuildFile; productRef = 47CD25BD2A1BEB0C00B1C05C /* SnapKit */; };
		47CD25C12A1BEBE300B1C05C /* CountryCell.swift in Sources */ = {isa = PBXBuildFile; fileRef = 47CD25C02A1BEBE300B1C05C /* CountryCell.swift */; };
/* End PBXBuildFile section */

/* Begin PBXContainerItemProxy section */
		47CD25952A1BE69600B1C05C /* PBXContainerItemProxy */ = {
			isa = PBXContainerItemProxy;
			containerPortal = 47CD25762A1BE69400B1C05C /* Project object */;
			proxyType = 1;
			remoteGlobalIDString = 47CD257D2A1BE69500B1C05C;
			remoteInfo = "World-Countries-App";
		};
		47CD259F2A1BE69600B1C05C /* PBXContainerItemProxy */ = {
			isa = PBXContainerItemProxy;
			containerPortal = 47CD25762A1BE69400B1C05C /* Project object */;
			proxyType = 1;
			remoteGlobalIDString = 47CD257D2A1BE69500B1C05C;
			remoteInfo = "World-Countries-App";
		};
/* End PBXContainerItemProxy section */

/* Begin PBXFileReference section */
		47CD257E2A1BE69500B1C05C /* World-Countries-App.app */ = {isa = PBXFileReference; explicitFileType = wrapper.application; includeInIndex = 0; path = "World-Countries-App.app"; sourceTree = BUILT_PRODUCTS_DIR; };
		47CD25812A1BE69500B1C05C /* AppDelegate.swift */ = {isa = PBXFileReference; lastKnownFileType = sourcecode.swift; path = AppDelegate.swift; sourceTree = "<group>"; };
		47CD25832A1BE69500B1C05C /* SceneDelegate.swift */ = {isa = PBXFileReference; lastKnownFileType = sourcecode.swift; path = SceneDelegate.swift; sourceTree = "<group>"; };
		47CD258A2A1BE69500B1C05C /* Assets.xcassets */ = {isa = PBXFileReference; lastKnownFileType = folder.assetcatalog; path = Assets.xcassets; sourceTree = "<group>"; };
		47CD258F2A1BE69500B1C05C /* Info.plist */ = {isa = PBXFileReference; lastKnownFileType = text.plist.xml; path = Info.plist; sourceTree = "<group>"; };
		47CD25942A1BE69600B1C05C /* World-Countries-AppTests.xctest */ = {isa = PBXFileReference; explicitFileType = wrapper.cfbundle; includeInIndex = 0; path = "World-Countries-AppTests.xctest"; sourceTree = BUILT_PRODUCTS_DIR; };
		47CD259E2A1BE69600B1C05C /* World-Countries-AppUITests.xctest */ = {isa = PBXFileReference; explicitFileType = wrapper.cfbundle; includeInIndex = 0; path = "World-Countries-AppUITests.xctest"; sourceTree = BUILT_PRODUCTS_DIR; };
		47CD25B32A1BE94B00B1C05C /* CountriesList.swift */ = {isa = PBXFileReference; lastKnownFileType = sourcecode.swift; path = CountriesList.swift; sourceTree = "<group>"; };
		47CD25B62A1BEAA100B1C05C /* Country.swift */ = {isa = PBXFileReference; lastKnownFileType = sourcecode.swift; path = Country.swift; sourceTree = "<group>"; };
		47CD25C02A1BEBE300B1C05C /* CountryCell.swift */ = {isa = PBXFileReference; lastKnownFileType = sourcecode.swift; path = CountryCell.swift; sourceTree = "<group>"; };
/* End PBXFileReference section */

/* Begin PBXFrameworksBuildPhase section */
		47CD257B2A1BE69500B1C05C /* Frameworks */ = {
			isa = PBXFrameworksBuildPhase;
			buildActionMask = 2147483647;
			files = (
				47CD25BE2A1BEB0C00B1C05C /* SnapKit in Frameworks */,
			);
			runOnlyForDeploymentPostprocessing = 0;
		};
		47CD25912A1BE69600B1C05C /* Frameworks */ = {
			isa = PBXFrameworksBuildPhase;
			buildActionMask = 2147483647;
			files = (
			);
			runOnlyForDeploymentPostprocessing = 0;
		};
		47CD259B2A1BE69600B1C05C /* Frameworks */ = {
			isa = PBXFrameworksBuildPhase;
			buildActionMask = 2147483647;
			files = (
			);
			runOnlyForDeploymentPostprocessing = 0;
		};
/* End PBXFrameworksBuildPhase section */

/* Begin PBXGroup section */
		47CD25752A1BE69400B1C05C = {
			isa = PBXGroup;
			children = (
				47CD25802A1BE69500B1C05C /* World-Countries-App */,
				47CD257F2A1BE69500B1C05C /* Products */,
			);
			sourceTree = "<group>";
		};
		47CD257F2A1BE69500B1C05C /* Products */ = {
			isa = PBXGroup;
			children = (
				47CD257E2A1BE69500B1C05C /* World-Countries-App.app */,
				47CD25942A1BE69600B1C05C /* World-Countries-AppTests.xctest */,
				47CD259E2A1BE69600B1C05C /* World-Countries-AppUITests.xctest */,
			);
			name = Products;
			sourceTree = "<group>";
		};
		47CD25802A1BE69500B1C05C /* World-Countries-App */ = {
			isa = PBXGroup;
			children = (
				47CD25B52A1BEA8900B1C05C /* Models */,
				47CD25B22A1BE88400B1C05C /* Views */,
				47CD25812A1BE69500B1C05C /* AppDelegate.swift */,
				47CD25832A1BE69500B1C05C /* SceneDelegate.swift */,
				47CD258A2A1BE69500B1C05C /* Assets.xcassets */,
				47CD258F2A1BE69500B1C05C /* Info.plist */,
			);
			path = "World-Countries-App";
			sourceTree = "<group>";
		};
		47CD25B22A1BE88400B1C05C /* Views */ = {
			isa = PBXGroup;
			children = (
				47CD25B32A1BE94B00B1C05C /* CountriesList.swift */,
				47CD25C02A1BEBE300B1C05C /* CountryCell.swift */,
			);
			path = Views;
			sourceTree = "<group>";
		};
		47CD25B52A1BEA8900B1C05C /* Models */ = {
			isa = PBXGroup;
			children = (
				47CD25B62A1BEAA100B1C05C /* Country.swift */,
			);
			path = Models;
			sourceTree = "<group>";
		};
/* End PBXGroup section */

/* Begin PBXNativeTarget section */
		47CD257D2A1BE69500B1C05C /* World-Countries-App */ = {
			isa = PBXNativeTarget;
			buildConfigurationList = 47CD25A82A1BE69600B1C05C /* Build configuration list for PBXNativeTarget "World-Countries-App" */;
			buildPhases = (
				47CD257A2A1BE69500B1C05C /* Sources */,
				47CD257B2A1BE69500B1C05C /* Frameworks */,
				47CD257C2A1BE69500B1C05C /* Resources */,
			);
			buildRules = (
			);
			dependencies = (
			);
			name = "World-Countries-App";
			packageProductDependencies = (
				47CD25BD2A1BEB0C00B1C05C /* SnapKit */,
			);
			productName = "World-Countries-App";
			productReference = 47CD257E2A1BE69500B1C05C /* World-Countries-App.app */;
			productType = "com.apple.product-type.application";
		};
		47CD25932A1BE69600B1C05C /* World-Countries-AppTests */ = {
			isa = PBXNativeTarget;
			buildConfigurationList = 47CD25AB2A1BE69600B1C05C /* Build configuration list for PBXNativeTarget "World-Countries-AppTests" */;
			buildPhases = (
				47CD25902A1BE69600B1C05C /* Sources */,
				47CD25912A1BE69600B1C05C /* Frameworks */,
				47CD25922A1BE69600B1C05C /* Resources */,
			);
			buildRules = (
			);
			dependencies = (
				47CD25962A1BE69600B1C05C /* PBXTargetDependency */,
			);
			name = "World-Countries-AppTests";
			productName = "World-Countries-AppTests";
			productReference = 47CD25942A1BE69600B1C05C /* World-Countries-AppTests.xctest */;
			productType = "com.apple.product-type.bundle.unit-test";
		};
		47CD259D2A1BE69600B1C05C /* World-Countries-AppUITests */ = {
			isa = PBXNativeTarget;
			buildConfigurationList = 47CD25AE2A1BE69600B1C05C /* Build configuration list for PBXNativeTarget "World-Countries-AppUITests" */;
			buildPhases = (
				47CD259A2A1BE69600B1C05C /* Sources */,
				47CD259B2A1BE69600B1C05C /* Frameworks */,
				47CD259C2A1BE69600B1C05C /* Resources */,
			);
			buildRules = (
			);
			dependencies = (
				47CD25A02A1BE69600B1C05C /* PBXTargetDependency */,
			);
			name = "World-Countries-AppUITests";
			productName = "World-Countries-AppUITests";
			productReference = 47CD259E2A1BE69600B1C05C /* World-Countries-AppUITests.xctest */;
			productType = "com.apple.product-type.bundle.ui-testing";
		};
/* End PBXNativeTarget section */

/* Begin PBXProject section */
		47CD25762A1BE69400B1C05C /* Project object */ = {
			isa = PBXProject;
			attributes = {
				BuildIndependentTargetsInParallel = 1;
				LastSwiftUpdateCheck = 1420;
				LastUpgradeCheck = 1420;
				TargetAttributes = {
					47CD257D2A1BE69500B1C05C = {
						CreatedOnToolsVersion = 14.2;
					};
					47CD25932A1BE69600B1C05C = {
						CreatedOnToolsVersion = 14.2;
						TestTargetID = 47CD257D2A1BE69500B1C05C;
					};
					47CD259D2A1BE69600B1C05C = {
						CreatedOnToolsVersion = 14.2;
						TestTargetID = 47CD257D2A1BE69500B1C05C;
					};
				};
			};
			buildConfigurationList = 47CD25792A1BE69400B1C05C /* Build configuration list for PBXProject "World-Countries-App" */;
			compatibilityVersion = "Xcode 14.0";
			developmentRegion = en;
			hasScannedForEncodings = 0;
			knownRegions = (
				en,
				Base,
			);
			mainGroup = 47CD25752A1BE69400B1C05C;
			packageReferences = (
				47CD25BC2A1BEB0C00B1C05C /* XCRemoteSwiftPackageReference "SnapKit" */,
			);
			productRefGroup = 47CD257F2A1BE69500B1C05C /* Products */;
			projectDirPath = "";
			projectRoot = "";
			targets = (
				47CD257D2A1BE69500B1C05C /* World-Countries-App */,
				47CD25932A1BE69600B1C05C /* World-Countries-AppTests */,
				47CD259D2A1BE69600B1C05C /* World-Countries-AppUITests */,
			);
		};
/* End PBXProject section */

/* Begin PBXResourcesBuildPhase section */
		47CD257C2A1BE69500B1C05C /* Resources */ = {
			isa = PBXResourcesBuildPhase;
			buildActionMask = 2147483647;
			files = (
				47CD258B2A1BE69500B1C05C /* Assets.xcassets in Resources */,
			);
			runOnlyForDeploymentPostprocessing = 0;
		};
		47CD25922A1BE69600B1C05C /* Resources */ = {
			isa = PBXResourcesBuildPhase;
			buildActionMask = 2147483647;
			files = (
			);
			runOnlyForDeploymentPostprocessing = 0;
		};
		47CD259C2A1BE69600B1C05C /* Resources */ = {
			isa = PBXResourcesBuildPhase;
			buildActionMask = 2147483647;
			files = (
			);
			runOnlyForDeploymentPostprocessing = 0;
		};
/* End PBXResourcesBuildPhase section */

/* Begin PBXSourcesBuildPhase section */
		47CD257A2A1BE69500B1C05C /* Sources */ = {
			isa = PBXSourcesBuildPhase;
			buildActionMask = 2147483647;
			files = (
				47CD25B72A1BEAA100B1C05C /* Country.swift in Sources */,
				47CD25822A1BE69500B1C05C /* AppDelegate.swift in Sources */,
				47CD25C12A1BEBE300B1C05C /* CountryCell.swift in Sources */,
				47CD25B42A1BE94B00B1C05C /* CountriesList.swift in Sources */,
				47CD25842A1BE69500B1C05C /* SceneDelegate.swift in Sources */,
			);
			runOnlyForDeploymentPostprocessing = 0;
		};
		47CD25902A1BE69600B1C05C /* Sources */ = {
			isa = PBXSourcesBuildPhase;
			buildActionMask = 2147483647;
			files = (
			);
			runOnlyForDeploymentPostprocessing = 0;
		};
		47CD259A2A1BE69600B1C05C /* Sources */ = {
			isa = PBXSourcesBuildPhase;
			buildActionMask = 2147483647;
			files = (
			);
			runOnlyForDeploymentPostprocessing = 0;
		};
/* End PBXSourcesBuildPhase section */

/* Begin PBXTargetDependency section */
		47CD25962A1BE69600B1C05C /* PBXTargetDependency */ = {
			isa = PBXTargetDependency;
			target = 47CD257D2A1BE69500B1C05C /* World-Countries-App */;
			targetProxy = 47CD25952A1BE69600B1C05C /* PBXContainerItemProxy */;
		};
		47CD25A02A1BE69600B1C05C /* PBXTargetDependency */ = {
			isa = PBXTargetDependency;
			target = 47CD257D2A1BE69500B1C05C /* World-Countries-App */;
			targetProxy = 47CD259F2A1BE69600B1C05C /* PBXContainerItemProxy */;
		};
/* End PBXTargetDependency section */

/* Begin XCBuildConfiguration section */
		47CD25A62A1BE69600B1C05C /* Debug */ = {
			isa = XCBuildConfiguration;
			buildSettings = {
				ALWAYS_SEARCH_USER_PATHS = NO;
				CLANG_ANALYZER_NONNULL = YES;
				CLANG_ANALYZER_NUMBER_OBJECT_CONVERSION = YES_AGGRESSIVE;
				CLANG_CXX_LANGUAGE_STANDARD = "gnu++20";
				CLANG_ENABLE_MODULES = YES;
				CLANG_ENABLE_OBJC_ARC = YES;
				CLANG_ENABLE_OBJC_WEAK = YES;
				CLANG_WARN_BLOCK_CAPTURE_AUTORELEASING = YES;
				CLANG_WARN_BOOL_CONVERSION = YES;
				CLANG_WARN_COMMA = YES;
				CLANG_WARN_CONSTANT_CONVERSION = YES;
				CLANG_WARN_DEPRECATED_OBJC_IMPLEMENTATIONS = YES;
				CLANG_WARN_DIRECT_OBJC_ISA_USAGE = YES_ERROR;
				CLANG_WARN_DOCUMENTATION_COMMENTS = YES;
				CLANG_WARN_EMPTY_BODY = YES;
				CLANG_WARN_ENUM_CONVERSION = YES;
				CLANG_WARN_INFINITE_RECURSION = YES;
				CLANG_WARN_INT_CONVERSION = YES;
				CLANG_WARN_NON_LITERAL_NULL_CONVERSION = YES;
				CLANG_WARN_OBJC_IMPLICIT_RETAIN_SELF = YES;
				CLANG_WARN_OBJC_LITERAL_CONVERSION = YES;
				CLANG_WARN_OBJC_ROOT_CLASS = YES_ERROR;
				CLANG_WARN_QUOTED_INCLUDE_IN_FRAMEWORK_HEADER = YES;
				CLANG_WARN_RANGE_LOOP_ANALYSIS = YES;
				CLANG_WARN_STRICT_PROTOTYPES = YES;
				CLANG_WARN_SUSPICIOUS_MOVE = YES;
				CLANG_WARN_UNGUARDED_AVAILABILITY = YES_AGGRESSIVE;
				CLANG_WARN_UNREACHABLE_CODE = YES;
				CLANG_WARN__DUPLICATE_METHOD_MATCH = YES;
				COPY_PHASE_STRIP = NO;
				DEBUG_INFORMATION_FORMAT = dwarf;
				ENABLE_STRICT_OBJC_MSGSEND = YES;
				ENABLE_TESTABILITY = YES;
				GCC_C_LANGUAGE_STANDARD = gnu11;
				GCC_DYNAMIC_NO_PIC = NO;
				GCC_NO_COMMON_BLOCKS = YES;
				GCC_OPTIMIZATION_LEVEL = 0;
				GCC_PREPROCESSOR_DEFINITIONS = (
					"DEBUG=1",
					"$(inherited)",
				);
				GCC_WARN_64_TO_32_BIT_CONVERSION = YES;
				GCC_WARN_ABOUT_RETURN_TYPE = YES_ERROR;
				GCC_WARN_UNDECLARED_SELECTOR = YES;
				GCC_WARN_UNINITIALIZED_AUTOS = YES_AGGRESSIVE;
				GCC_WARN_UNUSED_FUNCTION = YES;
				GCC_WARN_UNUSED_VARIABLE = YES;
				IPHONEOS_DEPLOYMENT_TARGET = 16.2;
				MTL_ENABLE_DEBUG_INFO = INCLUDE_SOURCE;
				MTL_FAST_MATH = YES;
				ONLY_ACTIVE_ARCH = YES;
				SDKROOT = iphoneos;
				SWIFT_ACTIVE_COMPILATION_CONDITIONS = DEBUG;
				SWIFT_OPTIMIZATION_LEVEL = "-Onone";
			};
			name = Debug;
		};
		47CD25A72A1BE69600B1C05C /* Release */ = {
			isa = XCBuildConfiguration;
			buildSettings = {
				ALWAYS_SEARCH_USER_PATHS = NO;
				CLANG_ANALYZER_NONNULL = YES;
				CLANG_ANALYZER_NUMBER_OBJECT_CONVERSION = YES_AGGRESSIVE;
				CLANG_CXX_LANGUAGE_STANDARD = "gnu++20";
				CLANG_ENABLE_MODULES = YES;
				CLANG_ENABLE_OBJC_ARC = YES;
				CLANG_ENABLE_OBJC_WEAK = YES;
				CLANG_WARN_BLOCK_CAPTURE_AUTORELEASING = YES;
				CLANG_WARN_BOOL_CONVERSION = YES;
				CLANG_WARN_COMMA = YES;
				CLANG_WARN_CONSTANT_CONVERSION = YES;
				CLANG_WARN_DEPRECATED_OBJC_IMPLEMENTATIONS = YES;
				CLANG_WARN_DIRECT_OBJC_ISA_USAGE = YES_ERROR;
				CLANG_WARN_DOCUMENTATION_COMMENTS = YES;
				CLANG_WARN_EMPTY_BODY = YES;
				CLANG_WARN_ENUM_CONVERSION = YES;
				CLANG_WARN_INFINITE_RECURSION = YES;
				CLANG_WARN_INT_CONVERSION = YES;
				CLANG_WARN_NON_LITERAL_NULL_CONVERSION = YES;
				CLANG_WARN_OBJC_IMPLICIT_RETAIN_SELF = YES;
				CLANG_WARN_OBJC_LITERAL_CONVERSION = YES;
				CLANG_WARN_OBJC_ROOT_CLASS = YES_ERROR;
				CLANG_WARN_QUOTED_INCLUDE_IN_FRAMEWORK_HEADER = YES;
				CLANG_WARN_RANGE_LOOP_ANALYSIS = YES;
				CLANG_WARN_STRICT_PROTOTYPES = YES;
				CLANG_WARN_SUSPICIOUS_MOVE = YES;
				CLANG_WARN_UNGUARDED_AVAILABILITY = YES_AGGRESSIVE;
				CLANG_WARN_UNREACHABLE_CODE = YES;
				CLANG_WARN__DUPLICATE_METHOD_MATCH = YES;
				COPY_PHASE_STRIP = NO;
				DEBUG_INFORMATION_FORMAT = "dwarf-with-dsym";
				ENABLE_NS_ASSERTIONS = NO;
				ENABLE_STRICT_OBJC_MSGSEND = YES;
				GCC_C_LANGUAGE_STANDARD = gnu11;
				GCC_NO_COMMON_BLOCKS = YES;
				GCC_WARN_64_TO_32_BIT_CONVERSION = YES;
				GCC_WARN_ABOUT_RETURN_TYPE = YES_ERROR;
				GCC_WARN_UNDECLARED_SELECTOR = YES;
				GCC_WARN_UNINITIALIZED_AUTOS = YES_AGGRESSIVE;
				GCC_WARN_UNUSED_FUNCTION = YES;
				GCC_WARN_UNUSED_VARIABLE = YES;
				IPHONEOS_DEPLOYMENT_TARGET = 16.2;
				MTL_ENABLE_DEBUG_INFO = NO;
				MTL_FAST_MATH = YES;
				SDKROOT = iphoneos;
				SWIFT_COMPILATION_MODE = wholemodule;
				SWIFT_OPTIMIZATION_LEVEL = "-O";
				VALIDATE_PRODUCT = YES;
			};
			name = Release;
		};
		47CD25A92A1BE69600B1C05C /* Debug */ = {
			isa = XCBuildConfiguration;
			buildSettings = {
				ASSETCATALOG_COMPILER_APPICON_NAME = AppIcon;
				ASSETCATALOG_COMPILER_GLOBAL_ACCENT_COLOR_NAME = AccentColor;
				CODE_SIGN_STYLE = Automatic;
				CURRENT_PROJECT_VERSION = 1;
				DEVELOPMENT_TEAM = 9QVR9UVA7V;
				GENERATE_INFOPLIST_FILE = YES;
				INFOPLIST_FILE = "World-Countries-App/Info.plist";
				INFOPLIST_KEY_UIApplicationSupportsIndirectInputEvents = YES;
				INFOPLIST_KEY_UISupportedInterfaceOrientations_iPad = "UIInterfaceOrientationPortrait UIInterfaceOrientationPortraitUpsideDown UIInterfaceOrientationLandscapeLeft UIInterfaceOrientationLandscapeRight";
				INFOPLIST_KEY_UISupportedInterfaceOrientations_iPhone = "UIInterfaceOrientationPortrait UIInterfaceOrientationLandscapeLeft UIInterfaceOrientationLandscapeRight";
				LD_RUNPATH_SEARCH_PATHS = (
					"$(inherited)",
					"@executable_path/Frameworks",
				);
				MARKETING_VERSION = 1.0;
				PRODUCT_BUNDLE_IDENTIFIER = "kbtu.World-Countries-App";
				PRODUCT_NAME = "$(TARGET_NAME)";
				SWIFT_EMIT_LOC_STRINGS = YES;
				SWIFT_VERSION = 5.0;
				TARGETED_DEVICE_FAMILY = "1,2";
			};
			name = Debug;
		};
		47CD25AA2A1BE69600B1C05C /* Release */ = {
			isa = XCBuildConfiguration;
			buildSettings = {
				ASSETCATALOG_COMPILER_APPICON_NAME = AppIcon;
				ASSETCATALOG_COMPILER_GLOBAL_ACCENT_COLOR_NAME = AccentColor;
				CODE_SIGN_STYLE = Automatic;
				CURRENT_PROJECT_VERSION = 1;
				DEVELOPMENT_TEAM = 9QVR9UVA7V;
				GENERATE_INFOPLIST_FILE = YES;
				INFOPLIST_FILE = "World-Countries-App/Info.plist";
				INFOPLIST_KEY_UIApplicationSupportsIndirectInputEvents = YES;
				INFOPLIST_KEY_UISupportedInterfaceOrientations_iPad = "UIInterfaceOrientationPortrait UIInterfaceOrientationPortraitUpsideDown UIInterfaceOrientationLandscapeLeft UIInterfaceOrientationLandscapeRight";
				INFOPLIST_KEY_UISupportedInterfaceOrientations_iPhone = "UIInterfaceOrientationPortrait UIInterfaceOrientationLandscapeLeft UIInterfaceOrientationLandscapeRight";
				LD_RUNPATH_SEARCH_PATHS = (
					"$(inherited)",
					"@executable_path/Frameworks",
				);
				MARKETING_VERSION = 1.0;
				PRODUCT_BUNDLE_IDENTIFIER = "kbtu.World-Countries-App";
				PRODUCT_NAME = "$(TARGET_NAME)";
				SWIFT_EMIT_LOC_STRINGS = YES;
				SWIFT_VERSION = 5.0;
				TARGETED_DEVICE_FAMILY = "1,2";
			};
			name = Release;
		};
		47CD25AC2A1BE69600B1C05C /* Debug */ = {
			isa = XCBuildConfiguration;
			buildSettings = {
				ALWAYS_EMBED_SWIFT_STANDARD_LIBRARIES = YES;
				BUNDLE_LOADER = "$(TEST_HOST)";
				CODE_SIGN_STYLE = Automatic;
				CURRENT_PROJECT_VERSION = 1;
				DEVELOPMENT_TEAM = 9QVR9UVA7V;
				GENERATE_INFOPLIST_FILE = YES;
				IPHONEOS_DEPLOYMENT_TARGET = 16.2;
				MARKETING_VERSION = 1.0;
				PRODUCT_BUNDLE_IDENTIFIER = "kbtu.World-Countries-AppTests";
				PRODUCT_NAME = "$(TARGET_NAME)";
				SWIFT_EMIT_LOC_STRINGS = NO;
				SWIFT_VERSION = 5.0;
				TARGETED_DEVICE_FAMILY = "1,2";
				TEST_HOST = "$(BUILT_PRODUCTS_DIR)/World-Countries-App.app/$(BUNDLE_EXECUTABLE_FOLDER_PATH)/World-Countries-App";
			};
			name = Debug;
		};
		47CD25AD2A1BE69600B1C05C /* Release */ = {
			isa = XCBuildConfiguration;
			buildSettings = {
				ALWAYS_EMBED_SWIFT_STANDARD_LIBRARIES = YES;
				BUNDLE_LOADER = "$(TEST_HOST)";
				CODE_SIGN_STYLE = Automatic;
				CURRENT_PROJECT_VERSION = 1;
				DEVELOPMENT_TEAM = 9QVR9UVA7V;
				GENERATE_INFOPLIST_FILE = YES;
				IPHONEOS_DEPLOYMENT_TARGET = 16.2;
				MARKETING_VERSION = 1.0;
				PRODUCT_BUNDLE_IDENTIFIER = "kbtu.World-Countries-AppTests";
				PRODUCT_NAME = "$(TARGET_NAME)";
				SWIFT_EMIT_LOC_STRINGS = NO;
				SWIFT_VERSION = 5.0;
				TARGETED_DEVICE_FAMILY = "1,2";
				TEST_HOST = "$(BUILT_PRODUCTS_DIR)/World-Countries-App.app/$(BUNDLE_EXECUTABLE_FOLDER_PATH)/World-Countries-App";
			};
			name = Release;
		};
		47CD25AF2A1BE69600B1C05C /* Debug */ = {
			isa = XCBuildConfiguration;
			buildSettings = {
				ALWAYS_EMBED_SWIFT_STANDARD_LIBRARIES = YES;
				CODE_SIGN_STYLE = Automatic;
				CURRENT_PROJECT_VERSION = 1;
				DEVELOPMENT_TEAM = 9QVR9UVA7V;
				GENERATE_INFOPLIST_FILE = YES;
				MARKETING_VERSION = 1.0;
				PRODUCT_BUNDLE_IDENTIFIER = "kbtu.World-Countries-AppUITests";
				PRODUCT_NAME = "$(TARGET_NAME)";
				SWIFT_EMIT_LOC_STRINGS = NO;
				SWIFT_VERSION = 5.0;
				TARGETED_DEVICE_FAMILY = "1,2";
				TEST_TARGET_NAME = "World-Countries-App";
			};
			name = Debug;
		};
		47CD25B02A1BE69600B1C05C /* Release */ = {
			isa = XCBuildConfiguration;
			buildSettings = {
				ALWAYS_EMBED_SWIFT_STANDARD_LIBRARIES = YES;
				CODE_SIGN_STYLE = Automatic;
				CURRENT_PROJECT_VERSION = 1;
				DEVELOPMENT_TEAM = 9QVR9UVA7V;
				GENERATE_INFOPLIST_FILE = YES;
				MARKETING_VERSION = 1.0;
				PRODUCT_BUNDLE_IDENTIFIER = "kbtu.World-Countries-AppUITests";
				PRODUCT_NAME = "$(TARGET_NAME)";
				SWIFT_EMIT_LOC_STRINGS = NO;
				SWIFT_VERSION = 5.0;
				TARGETED_DEVICE_FAMILY = "1,2";
				TEST_TARGET_NAME = "World-Countries-App";
			};
			name = Release;
		};
/* End XCBuildConfiguration section */

/* Begin XCConfigurationList section */
		47CD25792A1BE69400B1C05C /* Build configuration list for PBXProject "World-Countries-App" */ = {
			isa = XCConfigurationList;
			buildConfigurations = (
				47CD25A62A1BE69600B1C05C /* Debug */,
				47CD25A72A1BE69600B1C05C /* Release */,
			);
			defaultConfigurationIsVisible = 0;
			defaultConfigurationName = Release;
		};
		47CD25A82A1BE69600B1C05C /* Build configuration list for PBXNativeTarget "World-Countries-App" */ = {
			isa = XCConfigurationList;
			buildConfigurations = (
				47CD25A92A1BE69600B1C05C /* Debug */,
				47CD25AA2A1BE69600B1C05C /* Release */,
			);
			defaultConfigurationIsVisible = 0;
			defaultConfigurationName = Release;
		};
		47CD25AB2A1BE69600B1C05C /* Build configuration list for PBXNativeTarget "World-Countries-AppTests" */ = {
			isa = XCConfigurationList;
			buildConfigurations = (
				47CD25AC2A1BE69600B1C05C /* Debug */,
				47CD25AD2A1BE69600B1C05C /* Release */,
			);
			defaultConfigurationIsVisible = 0;
			defaultConfigurationName = Release;
		};
		47CD25AE2A1BE69600B1C05C /* Build configuration list for PBXNativeTarget "World-Countries-AppUITests" */ = {
			isa = XCConfigurationList;
			buildConfigurations = (
				47CD25AF2A1BE69600B1C05C /* Debug */,
				47CD25B02A1BE69600B1C05C /* Release */,
			);
			defaultConfigurationIsVisible = 0;
			defaultConfigurationName = Release;
		};
/* End XCConfigurationList section */

/* Begin XCRemoteSwiftPackageReference section */
		47CD25BC2A1BEB0C00B1C05C /* XCRemoteSwiftPackageReference "SnapKit" */ = {
			isa = XCRemoteSwiftPackageReference;
			repositoryURL = "https://github.com/SnapKit/SnapKit.git";
			requirement = {
				branch = develop;
				kind = branch;
			};
		};
/* End XCRemoteSwiftPackageReference section */

/* Begin XCSwiftPackageProductDependency section */
		47CD25BD2A1BEB0C00B1C05C /* SnapKit */ = {
			isa = XCSwiftPackageProductDependency;
			package = 47CD25BC2A1BEB0C00B1C05C /* XCRemoteSwiftPackageReference "SnapKit" */;
			productName = SnapKit;
		};
/* End XCSwiftPackageProductDependency section */
	};
	rootObject = 47CD25762A1BE69400B1C05C /* Project object */;
}
